
Microsoft Visual Studio Solution File, Format Version 12.00
# Visual Studio Version 17
VisualStudioVersion = 17.0.31521.260
MinimumVisualStudioVersion = 10.0.40219.1
Project("{9A19103F-16F7-4668-BE54-9A1E7A4F7556}") = "BlazorDemo.Server", "BlazorDemoServer\BlazorDemo.Server.csproj", "{8EF27590-3AEA-431F-A32A-926F7078E9E8}"
EndProject
Project("{9A19103F-16F7-4668-BE54-9A1E7A4F7556}") = "BlazorDemo.Client", "BlazorDemoClient\BlazorDemo.Client.csproj", "{B5C106EE-A4C8-4757-8BCF-ACCD57B35425}"
EndProject
Project("{9A19103F-16F7-4668-BE54-9A1E7A4F7556}") = "Kenova.Client", "Kenova.Client\Kenova.Client.csproj", "{F64A24A0-77C7-4762-9F40-E2AACD7B2723}"
EndProject
Project("{9A19103F-16F7-4668-BE54-9A1E7A4F7556}") = "Kenova.Server", "Kenova.Server\Kenova.Server.csproj", "{891CBD94-1B24-48F9-B148-7C18A0AD4E98}"
EndProject
Project("{9A19103F-16F7-4668-BE54-9A1E7A4F7556}") = "VenturaSQL.NETStandard", "VenturaSQL.NETStandard\VenturaSQL.NETStandard.csproj", "{2E9DE835-43CB-4381-B0B0-7B5478F0F2D5}"
EndProject
Project("{9A19103F-16F7-4668-BE54-9A1E7A4F7556}") = "VenturaSQL.AspNetCore.Server", "VenturaSQL.AspNetCore.Server\VenturaSQL.AspNetCore.Server.csproj", "{47124CB7-E418-48D3-A477-FC16DE0BF64A}"
EndProject
Global
	GlobalSection(SolutionConfigurationPlatforms) = preSolution
		Debug .Net Native|Any CPU = Debug .Net Native|Any CPU
		Debug|Any CPU = Debug|Any CPU
		Debug-native|Any CPU = Debug-native|Any CPU
		Release|Any CPU = Release|Any CPU
	EndGlobalSection
	GlobalSection(ProjectConfigurationPlatforms) = postSolution
		{8EF27590-3AEA-431F-A32A-926F7078E9E8}.Debug .Net Native|Any CPU.ActiveCfg = Debug|Any CPU
		{8EF27590-3AEA-431F-A32A-926F7078E9E8}.Debug .Net Native|Any CPU.Build.0 = Debug|Any CPU
		{8EF27590-3AEA-431F-A32A-926F7078E9E8}.Debug|Any CPU.ActiveCfg = Debug|Any CPU
		{8EF27590-3AEA-431F-A32A-926F7078E9E8}.Debug|Any CPU.Build.0 = Debug|Any CPU
		{8EF27590-3AEA-431F-A32A-926F7078E9E8}.Debug-native|Any CPU.ActiveCfg = Debug|Any CPU
		{8EF27590-3AEA-431F-A32A-926F7078E9E8}.Debug-native|Any CPU.Build.0 = Debug|Any CPU
		{8EF27590-3AEA-431F-A32A-926F7078E9E8}.Release|Any CPU.ActiveCfg = Release|Any CPU
		{8EF27590-3AEA-431F-A32A-926F7078E9E8}.Release|Any CPU.Build.0 = Release|Any CPU
		{B5C106EE-A4C8-4757-8BCF-ACCD57B35425}.Debug .Net Native|Any CPU.ActiveCfg = Debug|Any CPU
		{B5C106EE-A4C8-4757-8BCF-ACCD57B35425}.Debug .Net Native|Any CPU.Build.0 = Debug|Any CPU
		{B5C106EE-A4C8-4757-8BCF-ACCD57B35425}.Debug|Any CPU.ActiveCfg = Debug|Any CPU
		{B5C106EE-A4C8-4757-8BCF-ACCD57B35425}.Debug|Any CPU.Build.0 = Debug|Any CPU
		{B5C106EE-A4C8-4757-8BCF-ACCD57B35425}.Debug-native|Any CPU.ActiveCfg = Debug|Any CPU
		{B5C106EE-A4C8-4757-8BCF-ACCD57B35425}.Debug-native|Any CPU.Build.0 = Debug|Any CPU
		{B5C106EE-A4C8-4757-8BCF-ACCD57B35425}.Release|Any CPU.ActiveCfg = Release|Any CPU
		{B5C106EE-A4C8-4757-8BCF-ACCD57B35425}.Release|Any CPU.Build.0 = Release|Any CPU
		{F64A24A0-77C7-4762-9F40-E2AACD7B2723}.Debug .Net Native|Any CPU.ActiveCfg = Debug|Any CPU
		{F64A24A0-77C7-4762-9F40-E2AACD7B2723}.Debug .Net Native|Any CPU.Build.0 = Debug|Any CPU
		{F64A24A0-77C7-4762-9F40-E2AACD7B2723}.Debug|Any CPU.ActiveCfg = Debug|Any CPU
		{F64A24A0-77C7-4762-9F40-E2AACD7B2723}.Debug|Any CPU.Build.0 = Debug|Any CPU
		{F64A24A0-77C7-4762-9F40-E2AACD7B2723}.Debug-native|Any CPU.ActiveCfg = Debug|Any CPU
		{F64A24A0-77C7-4762-9F40-E2AACD7B2723}.Debug-native|Any CPU.Build.0 = Debug|Any CPU
		{F64A24A0-77C7-4762-9F40-E2AACD7B2723}.Release|Any CPU.ActiveCfg = Release|Any CPU
		{F64A24A0-77C7-4762-9F40-E2AACD7B2723}.Release|Any CPU.Build.0 = Release|Any CPU
		{891CBD94-1B24-48F9-B148-7C18A0AD4E98}.Debug .Net Native|Any CPU.ActiveCfg = Debug|Any CPU
		{891CBD94-1B24-48F9-B148-7C18A0AD4E98}.Debug .Net Native|Any CPU.Build.0 = Debug|Any CPU
		{891CBD94-1B24-48F9-B148-7C18A0AD4E98}.Debug|Any CPU.ActiveCfg = Debug|Any CPU
		{891CBD94-1B24-48F9-B148-7C18A0AD4E98}.Debug|Any CPU.Build.0 = Debug|Any CPU
		{891CBD94-1B24-48F9-B148-7C18A0AD4E98}.Debug-native|Any CPU.ActiveCfg = Debug|Any CPU
		{891CBD94-1B24-48F9-B148-7C18A0AD4E98}.Debug-native|Any CPU.Build.0 = Debug|Any CPU
		{891CBD94-1B24-48F9-B148-7C18A0AD4E98}.Release|Any CPU.ActiveCfg = Release|Any CPU
		{891CBD94-1B24-48F9-B148-7C18A0AD4E98}.Release|Any CPU.Build.0 = Release|Any CPU
		{2E9DE835-43CB-4381-B0B0-7B5478F0F2D5}.Debug .Net Native|Any CPU.ActiveCfg = Debug|Any CPU
		{2E9DE835-43CB-4381-B0B0-7B5478F0F2D5}.Debug .Net Native|Any CPU.Build.0 = Debug|Any CPU
		{2E9DE835-43CB-4381-B0B0-7B5478F0F2D5}.Debug|Any CPU.ActiveCfg = Debug|Any CPU
		{2E9DE835-43CB-4381-B0B0-7B5478F0F2D5}.Debug|Any CPU.Build.0 = Debug|Any CPU
		{2E9DE835-43CB-4381-B0B0-7B5478F0F2D5}.Debug-native|Any CPU.ActiveCfg = Debug|Any CPU
		{2E9DE835-43CB-4381-B0B0-7B5478F0F2D5}.Debug-native|Any CPU.Build.0 = Debug|Any CPU
		{2E9DE835-43CB-4381-B0B0-7B5478F0F2D5}.Release|Any CPU.ActiveCfg = Release|Any CPU
		{2E9DE835-43CB-4381-B0B0-7B5478F0F2D5}.Release|Any CPU.Build.0 = Release|Any CPU
		{47124CB7-E418-48D3-A477-FC16DE0BF64A}.Debug .Net Native|Any CPU.ActiveCfg = Debug|Any CPU
		{47124CB7-E418-48D3-A477-FC16DE0BF64A}.Debug .Net Native|Any CPU.Build.0 = Debug|Any CPU
		{47124CB7-E418-48D3-A477-FC16DE0BF64A}.Debug|Any CPU.ActiveCfg = Debug|Any CPU
		{47124CB7-E418-48D3-A477-FC16DE0BF64A}.Debug|Any CPU.Build.0 = Debug|Any CPU
		{47124CB7-E418-48D3-A477-FC16DE0BF64A}.Debug-native|Any CPU.ActiveCfg = Debug|Any CPU
		{47124CB7-E418-48D3-A477-FC16DE0BF64A}.Debug-native|Any CPU.Build.0 = Debug|Any CPU
		{47124CB7-E418-48D3-A477-FC16DE0BF64A}.Release|Any CPU.ActiveCfg = Release|Any CPU
		{47124CB7-E418-48D3-A477-FC16DE0BF64A}.Release|Any CPU.Build.0 = Release|Any CPU
	EndGlobalSection
	GlobalSection(SolutionProperties) = preSolution
		HideSolutionNode = FALSE
	EndGlobalSection
	GlobalSection(ExtensibilityGlobals) = postSolution
		SolutionGuid = {C459A5D6-CF49-4BF8-ABB2-15235866320E}
	EndGlobalSection
EndGlobal
