Microsoft Visual Studio Solution File, Format Version 12.00
# Visual Studio Version 17
VisualStudioVersion = 17.0.31611.283
MinimumVisualStudioVersion = 10.0.40219.1
Project("{9A19103F-16F7-4668-BE54-9A1E7A4F7556}") = "BlazorDemoDesktop", "BlazorDemoDesktop\BlazorDemoDesktop.csproj", "{50261E3C-2508-479F-9B98-F30087B9C486}"
EndProject
Project("{9A19103F-16F7-4668-BE54-9A1E7A4F7556}") = "Kenova.WebAssembly.Client", "..\..\Kenova\Projects\Kenova.WebAssembly.Client\Kenova.WebAssembly.Client.csproj", "{B05A97ED-BEEC-4AC8-A86C-414B7EE8137D}"
EndProject
Project("{9A19103F-16F7-4668-BE54-9A1E7A4F7556}") = "BlazorDemo.Client", "BlazorDemoClient\BlazorDemo.Client.csproj", "{974DFF81-8B08-4423-9A2C-75A494EE9749}"
EndProject
Global
	GlobalSection(SolutionConfigurationPlatforms) = preSolution
		Debug|Any CPU = Debug|Any CPU
		Release|Any CPU = Release|Any CPU
	EndGlobalSection
	GlobalSection(ProjectConfigurationPlatforms) = postSolution
		{50261E3C-2508-479F-9B98-F30087B9C486}.Debug|Any CPU.ActiveCfg = Debug|Any CPU
		{50261E3C-2508-479F-9B98-F30087B9C486}.Debug|Any CPU.Build.0 = Debug|Any CPU
		{50261E3C-2508-479F-9B98-F30087B9C486}.Debug|Any CPU.Deploy.0 = Debug|Any CPU
		{50261E3C-2508-479F-9B98-F30087B9C486}.Release|Any CPU.ActiveCfg = Release|Any CPU
		{50261E3C-2508-479F-9B98-F30087B9C486}.Release|Any CPU.Build.0 = Release|Any CPU
		{50261E3C-2508-479F-9B98-F30087B9C486}.Release|Any CPU.Deploy.0 = Release|Any CPU
		{B05A97ED-BEEC-4AC8-A86C-414B7EE8137D}.Debug|Any CPU.ActiveCfg = Debug|Any CPU
		{B05A97ED-BEEC-4AC8-A86C-414B7EE8137D}.Debug|Any CPU.Build.0 = Debug|Any CPU
		{B05A97ED-BEEC-4AC8-A86C-414B7EE8137D}.Release|Any CPU.ActiveCfg = Release|Any CPU
		{B05A97ED-BEEC-4AC8-A86C-414B7EE8137D}.Release|Any CPU.Build.0 = Release|Any CPU
		{974DFF81-8B08-4423-9A2C-75A494EE9749}.Debug|Any CPU.ActiveCfg = Debug|Any CPU
		{974DFF81-8B08-4423-9A2C-75A494EE9749}.Debug|Any CPU.Build.0 = Debug|Any CPU
		{974DFF81-8B08-4423-9A2C-75A494EE9749}.Release|Any CPU.ActiveCfg = Release|Any CPU
		{974DFF81-8B08-4423-9A2C-75A494EE9749}.Release|Any CPU.Build.0 = Release|Any CPU
	EndGlobalSection
	GlobalSection(SolutionProperties) = preSolution
		HideSolutionNode = FALSE
	EndGlobalSection
	GlobalSection(ExtensibilityGlobals) = postSolution
		SolutionGuid = {61F7FB11-1E47-470C-91E2-47F8143E1572}
	EndGlobalSection
EndGlobal
